// !$*UTF8*$!
{
	archiveVersion = 1;
	classes = {
	};
	objectVersion = 55;
	objects = {

/* Begin PBXBuildFile section */
		F05032BD277A5A50000A78C8 /* QuillowApp.swift in Sources */ = {isa = PBXBuildFile; fileRef = F05032BC277A5A50000A78C8 /* QuillowApp.swift */; };
		F05032BF277A5A50000A78C8 /* ContentView.swift in Sources */ = {isa = PBXBuildFile; fileRef = F05032BE277A5A50000A78C8 /* ContentView.swift */; };
		F05032C1277A5A51000A78C8 /* Assets.xcassets in Resources */ = {isa = PBXBuildFile; fileRef = F05032C0277A5A51000A78C8 /* Assets.xcassets */; };
		F05032C4277A5A51000A78C8 /* Preview Assets.xcassets in Resources */ = {isa = PBXBuildFile; fileRef = F05032C3277A5A51000A78C8 /* Preview Assets.xcassets */; };
		F05032CC277A5D58000A78C8 /* FirebaseAnalytics in Frameworks */ = {isa = PBXBuildFile; productRef = F05032CB277A5D58000A78C8 /* FirebaseAnalytics */; };
		F05032CE277A5D58000A78C8 /* FirebaseAuth in Frameworks */ = {isa = PBXBuildFile; productRef = F05032CD277A5D58000A78C8 /* FirebaseAuth */; };
		F05032D0277A5D58000A78C8 /* FirebaseFirestore in Frameworks */ = {isa = PBXBuildFile; productRef = F05032CF277A5D58000A78C8 /* FirebaseFirestore */; };
		F05032D3277A5D81000A78C8 /* SwiftyJSON in Frameworks */ = {isa = PBXBuildFile; productRef = F05032D2277A5D81000A78C8 /* SwiftyJSON */; };
		F05032D9277A5DDD000A78C8 /* book.swift in Sources */ = {isa = PBXBuildFile; fileRef = F05032D8277A5DDD000A78C8 /* book.swift */; };
		F05032DC277A5E2E000A78C8 /* SDWebImageSwiftUI in Frameworks */ = {isa = PBXBuildFile; productRef = F05032DB277A5E2E000A78C8 /* SDWebImageSwiftUI */; };
		F0DA6999277A63C4007E433F /* GoogleService-Info.plist in Resources */ = {isa = PBXBuildFile; fileRef = F0DA6998277A63C4007E433F /* GoogleService-Info.plist */; };
/* End PBXBuildFile section */

/* Begin PBXFileReference section */
		F05032B9277A5A50000A78C8 /* Quillow.app */ = {isa = PBXFileReference; explicitFileType = wrapper.application; includeInIndex = 0; path = Quillow.app; sourceTree = BUILT_PRODUCTS_DIR; };
		F05032BC277A5A50000A78C8 /* QuillowApp.swift */ = {isa = PBXFileReference; lastKnownFileType = sourcecode.swift; path = QuillowApp.swift; sourceTree = "<group>"; };
		F05032BE277A5A50000A78C8 /* ContentView.swift */ = {isa = PBXFileReference; lastKnownFileType = sourcecode.swift; path = ContentView.swift; sourceTree = "<group>"; };
		F05032C0277A5A51000A78C8 /* Assets.xcassets */ = {isa = PBXFileReference; lastKnownFileType = folder.assetcatalog; path = Assets.xcassets; sourceTree = "<group>"; };
		F05032C3277A5A51000A78C8 /* Preview Assets.xcassets */ = {isa = PBXFileReference; lastKnownFileType = folder.assetcatalog; path = "Preview Assets.xcassets"; sourceTree = "<group>"; };
		F05032D8277A5DDD000A78C8 /* book.swift */ = {isa = PBXFileReference; fileEncoding = 4; lastKnownFileType = sourcecode.swift; path = book.swift; sourceTree = "<group>"; };
		F05032DD277A60B6000A78C8 /* Info.plist */ = {isa = PBXFileReference; lastKnownFileType = text.plist; path = Info.plist; sourceTree = "<group>"; };
		F0DA6998277A63C4007E433F /* GoogleService-Info.plist */ = {isa = PBXFileReference; fileEncoding = 4; lastKnownFileType = text.plist.xml; path = "GoogleService-Info.plist"; sourceTree = "<group>"; };
		F0DA699A27802DCF007E433F /* Quillow.entitlements */ = {isa = PBXFileReference; lastKnownFileType = text.plist.entitlements; path = Quillow.entitlements; sourceTree = "<group>"; };
/* End PBXFileReference section */

/* Begin PBXFrameworksBuildPhase section */
		F05032B6277A5A50000A78C8 /* Frameworks */ = {
			isa = PBXFrameworksBuildPhase;
			buildActionMask = 2147483647;
			files = (
				F05032DC277A5E2E000A78C8 /* SDWebImageSwiftUI in Frameworks */,
				F05032CC277A5D58000A78C8 /* FirebaseAnalytics in Frameworks */,
				F05032CE277A5D58000A78C8 /* FirebaseAuth in Frameworks */,
				F05032D3277A5D81000A78C8 /* SwiftyJSON in Frameworks */,
				F05032D0277A5D58000A78C8 /* FirebaseFirestore in Frameworks */,
			);
			runOnlyForDeploymentPostprocessing = 0;
		};
/* End PBXFrameworksBuildPhase section */

/* Begin PBXGroup section */
		F05032B0277A5A50000A78C8 = {
			isa = PBXGroup;
			children = (
				F05032BB277A5A50000A78C8 /* Quillow */,
				F05032BA277A5A50000A78C8 /* Products */,
			);
			sourceTree = "<group>";
		};
		F05032BA277A5A50000A78C8 /* Products */ = {
			isa = PBXGroup;
			children = (
				F05032B9277A5A50000A78C8 /* Quillow.app */,
			);
			name = Products;
			sourceTree = "<group>";
		};
		F05032BB277A5A50000A78C8 /* Quillow */ = {
			isa = PBXGroup;
			children = (
				F0DA699A27802DCF007E433F /* Quillow.entitlements */,
				F05032DD277A60B6000A78C8 /* Info.plist */,
				F05032BC277A5A50000A78C8 /* QuillowApp.swift */,
				F05032BE277A5A50000A78C8 /* ContentView.swift */,
				F0DA6998277A63C4007E433F /* GoogleService-Info.plist */,
				F05032D8277A5DDD000A78C8 /* book.swift */,
				F05032C0277A5A51000A78C8 /* Assets.xcassets */,
				F05032C2277A5A51000A78C8 /* Preview Content */,
			);
			path = Quillow;
			sourceTree = "<group>";
		};
		F05032C2277A5A51000A78C8 /* Preview Content */ = {
			isa = PBXGroup;
			children = (
				F05032C3277A5A51000A78C8 /* Preview Assets.xcassets */,
			);
			path = "Preview Content";
			sourceTree = "<group>";
		};
/* End PBXGroup section */

/* Begin PBXNativeTarget section */
		F05032B8277A5A50000A78C8 /* Quillow */ = {
			isa = PBXNativeTarget;
			buildConfigurationList = F05032C7277A5A51000A78C8 /* Build configuration list for PBXNativeTarget "Quillow" */;
			buildPhases = (
				F05032B5277A5A50000A78C8 /* Sources */,
				F05032B6277A5A50000A78C8 /* Frameworks */,
				F05032B7277A5A50000A78C8 /* Resources */,
			);
			buildRules = (
			);
			dependencies = (
			);
			name = Quillow;
			packageProductDependencies = (
				F05032CB277A5D58000A78C8 /* FirebaseAnalytics */,
				F05032CD277A5D58000A78C8 /* FirebaseAuth */,
				F05032CF277A5D58000A78C8 /* FirebaseFirestore */,
				F05032D2277A5D81000A78C8 /* SwiftyJSON */,
				F05032DB277A5E2E000A78C8 /* SDWebImageSwiftUI */,
			);
			productName = Quillow;
			productReference = F05032B9277A5A50000A78C8 /* Quillow.app */;
			productType = "com.apple.product-type.application";
		};
/* End PBXNativeTarget section */

/* Begin PBXProject section */
		F05032B1277A5A50000A78C8 /* Project object */ = {
			isa = PBXProject;
			attributes = {
				BuildIndependentTargetsInParallel = 1;
				LastSwiftUpdateCheck = 1320;
				LastUpgradeCheck = 1320;
				TargetAttributes = {
					F05032B8277A5A50000A78C8 = {
						CreatedOnToolsVersion = 13.2.1;
					};
				};
			};
			buildConfigurationList = F05032B4277A5A50000A78C8 /* Build configuration list for PBXProject "Quillow" */;
			compatibilityVersion = "Xcode 13.0";
			developmentRegion = en;
			hasScannedForEncodings = 0;
			knownRegions = (
				en,
				Base,
			);
			mainGroup = F05032B0277A5A50000A78C8;
			packageReferences = (
				F05032CA277A5D58000A78C8 /* XCRemoteSwiftPackageReference "firebase-ios-sdk" */,
				F05032D1277A5D81000A78C8 /* XCRemoteSwiftPackageReference "SwiftyJSON" */,
				F05032DA277A5E2E000A78C8 /* XCRemoteSwiftPackageReference "SDWebImageSwiftUI" */,
			);
			productRefGroup = F05032BA277A5A50000A78C8 /* Products */;
			projectDirPath = "";
			projectRoot = "";
			targets = (
				F05032B8277A5A50000A78C8 /* Quillow */,
			);
		};
/* End PBXProject section */

/* Begin PBXResourcesBuildPhase section */
		F05032B7277A5A50000A78C8 /* Resources */ = {
			isa = PBXResourcesBuildPhase;
			buildActionMask = 2147483647;
			files = (
				F05032C4277A5A51000A78C8 /* Preview Assets.xcassets in Resources */,
				F05032C1277A5A51000A78C8 /* Assets.xcassets in Resources */,
				F0DA6999277A63C4007E433F /* GoogleService-Info.plist in Resources */,
			);
			runOnlyForDeploymentPostprocessing = 0;
		};
/* End PBXResourcesBuildPhase section */

/* Begin PBXSourcesBuildPhase section */
		F05032B5277A5A50000A78C8 /* Sources */ = {
			isa = PBXSourcesBuildPhase;
			buildActionMask = 2147483647;
			files = (
				F05032BF277A5A50000A78C8 /* ContentView.swift in Sources */,
				F05032BD277A5A50000A78C8 /* QuillowApp.swift in Sources */,
				F05032D9277A5DDD000A78C8 /* book.swift in Sources */,
			);
			runOnlyForDeploymentPostprocessing = 0;
		};
/* End PBXSourcesBuildPhase section */

/* Begin XCBuildConfiguration section */
		F05032C5277A5A51000A78C8 /* Debug */ = {
			isa = XCBuildConfiguration;
			buildSettings = {
				ALWAYS_SEARCH_USER_PATHS = NO;
				CLANG_ANALYZER_NONNULL = YES;
				CLANG_ANALYZER_NUMBER_OBJECT_CONVERSION = YES_AGGRESSIVE;
				CLANG_CXX_LANGUAGE_STANDARD = "gnu++17";
				CLANG_CXX_LIBRARY = "libc++";
				CLANG_ENABLE_MODULES = YES;
				CLANG_ENABLE_OBJC_ARC = YES;
				CLANG_ENABLE_OBJC_WEAK = YES;
				CLANG_WARN_BLOCK_CAPTURE_AUTORELEASING = YES;
				CLANG_WARN_BOOL_CONVERSION = YES;
				CLANG_WARN_COMMA = YES;
				CLANG_WARN_CONSTANT_CONVERSION = YES;
				CLANG_WARN_DEPRECATED_OBJC_IMPLEMENTATIONS = YES;
				CLANG_WARN_DIRECT_OBJC_ISA_USAGE = YES_ERROR;
				CLANG_WARN_DOCUMENTATION_COMMENTS = YES;
				CLANG_WARN_EMPTY_BODY = YES;
				CLANG_WARN_ENUM_CONVERSION = YES;
				CLANG_WARN_INFINITE_RECURSION = YES;
				CLANG_WARN_INT_CONVERSION = YES;
				CLANG_WARN_NON_LITERAL_NULL_CONVERSION = YES;
				CLANG_WARN_OBJC_IMPLICIT_RETAIN_SELF = YES;
				CLANG_WARN_OBJC_LITERAL_CONVERSION = YES;
				CLANG_WARN_OBJC_ROOT_CLASS = YES_ERROR;
				CLANG_WARN_QUOTED_INCLUDE_IN_FRAMEWORK_HEADER = YES;
				CLANG_WARN_RANGE_LOOP_ANALYSIS = YES;
				CLANG_WARN_STRICT_PROTOTYPES = YES;
				CLANG_WARN_SUSPICIOUS_MOVE = YES;
				CLANG_WARN_UNGUARDED_AVAILABILITY = YES_AGGRESSIVE;
				CLANG_WARN_UNREACHABLE_CODE = YES;
				CLANG_WARN__DUPLICATE_METHOD_MATCH = YES;
				COPY_PHASE_STRIP = NO;
				DEBUG_INFORMATION_FORMAT = dwarf;
				ENABLE_STRICT_OBJC_MSGSEND = YES;
				ENABLE_TESTABILITY = YES;
				GCC_C_LANGUAGE_STANDARD = gnu11;
				GCC_DYNAMIC_NO_PIC = NO;
				GCC_NO_COMMON_BLOCKS = YES;
				GCC_OPTIMIZATION_LEVEL = 0;
				GCC_PREPROCESSOR_DEFINITIONS = (
					"DEBUG=1",
					"$(inherited)",
				);
				GCC_WARN_64_TO_32_BIT_CONVERSION = YES;
				GCC_WARN_ABOUT_RETURN_TYPE = YES_ERROR;
				GCC_WARN_UNDECLARED_SELECTOR = YES;
				GCC_WARN_UNINITIALIZED_AUTOS = YES_AGGRESSIVE;
				GCC_WARN_UNUSED_FUNCTION = YES;
				GCC_WARN_UNUSED_VARIABLE = YES;
				"INFOPLIST_FILE[sdk=*]" = "";
				IPHONEOS_DEPLOYMENT_TARGET = 15.2;
				MTL_ENABLE_DEBUG_INFO = INCLUDE_SOURCE;
				MTL_FAST_MATH = YES;
				ONLY_ACTIVE_ARCH = YES;
				SDKROOT = iphoneos;
				SWIFT_ACTIVE_COMPILATION_CONDITIONS = DEBUG;
				SWIFT_OPTIMIZATION_LEVEL = "-Onone";
			};
			name = Debug;
		};
		F05032C6277A5A51000A78C8 /* Release */ = {
			isa = XCBuildConfiguration;
			buildSettings = {
				ALWAYS_SEARCH_USER_PATHS = NO;
				CLANG_ANALYZER_NONNULL = YES;
				CLANG_ANALYZER_NUMBER_OBJECT_CONVERSION = YES_AGGRESSIVE;
				CLANG_CXX_LANGUAGE_STANDARD = "gnu++17";
				CLANG_CXX_LIBRARY = "libc++";
				CLANG_ENABLE_MODULES = YES;
				CLANG_ENABLE_OBJC_ARC = YES;
				CLANG_ENABLE_OBJC_WEAK = YES;
				CLANG_WARN_BLOCK_CAPTURE_AUTORELEASING = YES;
				CLANG_WARN_BOOL_CONVERSION = YES;
				CLANG_WARN_COMMA = YES;
				CLANG_WARN_CONSTANT_CONVERSION = YES;
				CLANG_WARN_DEPRECATED_OBJC_IMPLEMENTATIONS = YES;
				CLANG_WARN_DIRECT_OBJC_ISA_USAGE = YES_ERROR;
				CLANG_WARN_DOCUMENTATION_COMMENTS = YES;
				CLANG_WARN_EMPTY_BODY = YES;
				CLANG_WARN_ENUM_CONVERSION = YES;
				CLANG_WARN_INFINITE_RECURSION = YES;
				CLANG_WARN_INT_CONVERSION = YES;
				CLANG_WARN_NON_LITERAL_NULL_CONVERSION = YES;
				CLANG_WARN_OBJC_IMPLICIT_RETAIN_SELF = YES;
				CLANG_WARN_OBJC_LITERAL_CONVERSION = YES;
				CLANG_WARN_OBJC_ROOT_CLASS = YES_ERROR;
				CLANG_WARN_QUOTED_INCLUDE_IN_FRAMEWORK_HEADER = YES;
				CLANG_WARN_RANGE_LOOP_ANALYSIS = YES;
				CLANG_WARN_STRICT_PROTOTYPES = YES;
				CLANG_WARN_SUSPICIOUS_MOVE = YES;
				CLANG_WARN_UNGUARDED_AVAILABILITY = YES_AGGRESSIVE;
				CLANG_WARN_UNREACHABLE_CODE = YES;
				CLANG_WARN__DUPLICATE_METHOD_MATCH = YES;
				COPY_PHASE_STRIP = NO;
				DEBUG_INFORMATION_FORMAT = "dwarf-with-dsym";
				ENABLE_NS_ASSERTIONS = NO;
				ENABLE_STRICT_OBJC_MSGSEND = YES;
				GCC_C_LANGUAGE_STANDARD = gnu11;
				GCC_NO_COMMON_BLOCKS = YES;
				GCC_WARN_64_TO_32_BIT_CONVERSION = YES;
				GCC_WARN_ABOUT_RETURN_TYPE = YES_ERROR;
				GCC_WARN_UNDECLARED_SELECTOR = YES;
				GCC_WARN_UNINITIALIZED_AUTOS = YES_AGGRESSIVE;
				GCC_WARN_UNUSED_FUNCTION = YES;
				GCC_WARN_UNUSED_VARIABLE = YES;
				"INFOPLIST_FILE[sdk=*]" = "";
				IPHONEOS_DEPLOYMENT_TARGET = 15.2;
				MTL_ENABLE_DEBUG_INFO = NO;
				MTL_FAST_MATH = YES;
				SDKROOT = iphoneos;
				SWIFT_COMPILATION_MODE = wholemodule;
				SWIFT_OPTIMIZATION_LEVEL = "-O";
				VALIDATE_PRODUCT = YES;
			};
			name = Release;
		};
		F05032C8277A5A51000A78C8 /* Debug */ = {
			isa = XCBuildConfiguration;
			buildSettings = {
				ASSETCATALOG_COMPILER_APPICON_NAME = AppIcon;
				ASSETCATALOG_COMPILER_GLOBAL_ACCENT_COLOR_NAME = AccentColor;
				CODE_SIGN_ENTITLEMENTS = Quillow/Quillow.entitlements;
				CODE_SIGN_STYLE = Automatic;
				CURRENT_PROJECT_VERSION = 1;
				DEVELOPMENT_ASSET_PATHS = "\"Quillow/Preview Content\"";
				DEVELOPMENT_TEAM = 9RC7L9TZVY;
				ENABLE_PREVIEWS = YES;
				GENERATE_INFOPLIST_FILE = YES;
				INFOPLIST_FILE = Quillow/Info.plist;
				INFOPLIST_KEY_UIApplicationSceneManifest_Generation = YES;
				INFOPLIST_KEY_UIApplicationSupportsIndirectInputEvents = YES;
				INFOPLIST_KEY_UILaunchScreen_Generation = YES;
				INFOPLIST_KEY_UISupportedInterfaceOrientations = UIInterfaceOrientationPortrait;
				INFOPLIST_KEY_UISupportedInterfaceOrientations_iPad = "UIInterfaceOrientationPortrait UIInterfaceOrientationPortraitUpsideDown UIInterfaceOrientationLandscapeLeft UIInterfaceOrientationLandscapeRight";
				INFOPLIST_KEY_UISupportedInterfaceOrientations_iPhone = "UIInterfaceOrientationPortrait UIInterfaceOrientationLandscapeLeft UIInterfaceOrientationLandscapeRight";
				LD_RUNPATH_SEARCH_PATHS = (
					"$(inherited)",
					"@executable_path/Frameworks",
				);
				MARKETING_VERSION = 1.1;
				PRODUCT_BUNDLE_IDENTIFIER = com.daniyalmohammed.Quillow;
				PRODUCT_NAME = "$(TARGET_NAME)";
				SWIFT_EMIT_LOC_STRINGS = YES;
				SWIFT_VERSION = 5.0;
				TARGETED_DEVICE_FAMILY = "1,2";
			};
			name = Debug;
		};
		F05032C9277A5A51000A78C8 /* Release */ = {
			isa = XCBuildConfiguration;
			buildSettings = {
				ASSETCATALOG_COMPILER_APPICON_NAME = AppIcon;
				ASSETCATALOG_COMPILER_GLOBAL_ACCENT_COLOR_NAME = AccentColor;
				CODE_SIGN_ENTITLEMENTS = Quillow/Quillow.entitlements;
				CODE_SIGN_STYLE = Automatic;
				CURRENT_PROJECT_VERSION = 1;
				DEVELOPMENT_ASSET_PATHS = "\"Quillow/Preview Content\"";
				DEVELOPMENT_TEAM = 9RC7L9TZVY;
				ENABLE_PREVIEWS = YES;
				GENERATE_INFOPLIST_FILE = YES;
				INFOPLIST_FILE = Quillow/Info.plist;
				INFOPLIST_KEY_UIApplicationSceneManifest_Generation = YES;
				INFOPLIST_KEY_UIApplicationSupportsIndirectInputEvents = YES;
				INFOPLIST_KEY_UILaunchScreen_Generation = YES;
				INFOPLIST_KEY_UISupportedInterfaceOrientations = UIInterfaceOrientationPortrait;
				INFOPLIST_KEY_UISupportedInterfaceOrientations_iPad = "UIInterfaceOrientationPortrait UIInterfaceOrientationPortraitUpsideDown UIInterfaceOrientationLandscapeLeft UIInterfaceOrientationLandscapeRight";
				INFOPLIST_KEY_UISupportedInterfaceOrientations_iPhone = "UIInterfaceOrientationPortrait UIInterfaceOrientationLandscapeLeft UIInterfaceOrientationLandscapeRight";
				LD_RUNPATH_SEARCH_PATHS = (
					"$(inherited)",
					"@executable_path/Frameworks",
				);
				MARKETING_VERSION = 1.1;
				PRODUCT_BUNDLE_IDENTIFIER = com.daniyalmohammed.Quillow;
				PRODUCT_NAME = "$(TARGET_NAME)";
				SWIFT_EMIT_LOC_STRINGS = YES;
				SWIFT_VERSION = 5.0;
				TARGETED_DEVICE_FAMILY = "1,2";
			};
			name = Release;
		};
/* End XCBuildConfiguration section */

/* Begin XCConfigurationList section */
		F05032B4277A5A50000A78C8 /* Build configuration list for PBXProject "Quillow" */ = {
			isa = XCConfigurationList;
			buildConfigurations = (
				F05032C5277A5A51000A78C8 /* Debug */,
				F05032C6277A5A51000A78C8 /* Release */,
			);
			defaultConfigurationIsVisible = 0;
			defaultConfigurationName = Release;
		};
		F05032C7277A5A51000A78C8 /* Build configuration list for PBXNativeTarget "Quillow" */ = {
			isa = XCConfigurationList;
			buildConfigurations = (
				F05032C8277A5A51000A78C8 /* Debug */,
				F05032C9277A5A51000A78C8 /* Release */,
			);
			defaultConfigurationIsVisible = 0;
			defaultConfigurationName = Release;
		};
/* End XCConfigurationList section */

/* Begin XCRemoteSwiftPackageReference section */
		F05032CA277A5D58000A78C8 /* XCRemoteSwiftPackageReference "firebase-ios-sdk" */ = {
			isa = XCRemoteSwiftPackageReference;
			repositoryURL = "https://github.com/firebase/firebase-ios-sdk.git";
			requirement = {
				kind = upToNextMinorVersion;
				minimumVersion = 8.9.0;
			};
		};
		F05032D1277A5D81000A78C8 /* XCRemoteSwiftPackageReference "SwiftyJSON" */ = {
			isa = XCRemoteSwiftPackageReference;
			repositoryURL = "https://github.com/SwiftyJSON/SwiftyJSON.git";
			requirement = {
				kind = upToNextMinorVersion;
				minimumVersion = 5.0.0;
			};
		};
		F05032DA277A5E2E000A78C8 /* XCRemoteSwiftPackageReference "SDWebImageSwiftUI" */ = {
			isa = XCRemoteSwiftPackageReference;
			repositoryURL = "https://github.com/SDWebImage/SDWebImageSwiftUI.git";
			requirement = {
				kind = upToNextMinorVersion;
				minimumVersion = 2.0.0;
			};
		};
/* End XCRemoteSwiftPackageReference section */

/* Begin XCSwiftPackageProductDependency section */
		F05032CB277A5D58000A78C8 /* FirebaseAnalytics */ = {
			isa = XCSwiftPackageProductDependency;
			package = F05032CA277A5D58000A78C8 /* XCRemoteSwiftPackageReference "firebase-ios-sdk" */;
			productName = FirebaseAnalytics;
		};
		F05032CD277A5D58000A78C8 /* FirebaseAuth */ = {
			isa = XCSwiftPackageProductDependency;
			package = F05032CA277A5D58000A78C8 /* XCRemoteSwiftPackageReference "firebase-ios-sdk" */;
			productName = FirebaseAuth;
		};
		F05032CF277A5D58000A78C8 /* FirebaseFirestore */ = {
			isa = XCSwiftPackageProductDependency;
			package = F05032CA277A5D58000A78C8 /* XCRemoteSwiftPackageReference "firebase-ios-sdk" */;
			productName = FirebaseFirestore;
		};
		F05032D2277A5D81000A78C8 /* SwiftyJSON */ = {
			isa = XCSwiftPackageProductDependency;
			package = F05032D1277A5D81000A78C8 /* XCRemoteSwiftPackageReference "SwiftyJSON" */;
			productName = SwiftyJSON;
		};
		F05032DB277A5E2E000A78C8 /* SDWebImageSwiftUI */ = {
			isa = XCSwiftPackageProductDependency;
			package = F05032DA277A5E2E000A78C8 /* XCRemoteSwiftPackageReference "SDWebImageSwiftUI" */;
			productName = SDWebImageSwiftUI;
		};
/* End XCSwiftPackageProductDependency section */
	};
	rootObject = F05032B1277A5A50000A78C8 /* Project object */;
}
